
Microsoft Visual Studio Solution File, Format Version 12.00
# Visual Studio Version 16
VisualStudioVersion = 16.0.31624.102
MinimumVisualStudioVersion = 10.0.40219.1
Project("{9A19103F-16F7-4668-BE54-9A1E7A4F7556}") = "CardGame", "CardGame\CardGame.csproj", "{203CB963-D140-4681-B07F-024C610D9AFA}"
EndProject
Project("{FAE04EC0-301F-11D3-BF4B-00C04F79EFBC}") = "CardGameTests1", "CardGameTests1\CardGameTests1.csproj", "{ADC1A516-8D75-47BC-B581-2765A1189163}"
EndProject
Global
	GlobalSection(SolutionConfigurationPlatforms) = preSolution
		Debug|Any CPU = Debug|Any CPU
		Release|Any CPU = Release|Any CPU
	EndGlobalSection
	GlobalSection(ProjectConfigurationPlatforms) = postSolution
		{203CB963-D140-4681-B07F-024C610D9AFA}.Debug|Any CPU.ActiveCfg = Debug|Any CPU
		{203CB963-D140-4681-B07F-024C610D9AFA}.Debug|Any CPU.Build.0 = Debug|Any CPU
		{203CB963-D140-4681-B07F-024C610D9AFA}.Release|Any CPU.ActiveCfg = Release|Any CPU
		{203CB963-D140-4681-B07F-024C610D9AFA}.Release|Any CPU.Build.0 = Release|Any CPU
		{ADC1A516-8D75-47BC-B581-2765A1189163}.Debug|Any CPU.ActiveCfg = Debug|Any CPU
		{ADC1A516-8D75-47BC-B581-2765A1189163}.Debug|Any CPU.Build.0 = Debug|Any CPU
		{ADC1A516-8D75-47BC-B581-2765A1189163}.Release|Any CPU.ActiveCfg = Release|Any CPU
		{ADC1A516-8D75-47BC-B581-2765A1189163}.Release|Any CPU.Build.0 = Release|Any CPU
	EndGlobalSection
	GlobalSection(SolutionProperties) = preSolution
		HideSolutionNode = FALSE
	EndGlobalSection
	GlobalSection(ExtensibilityGlobals) = postSolution
		SolutionGuid = {F61C6829-BAB7-4009-A1FC-19E680D1FFAD}
	EndGlobalSection
EndGlobal
